// !$*UTF8*$!
{
	archiveVersion = 1;
	classes = {
	};
	objectVersion = 56;
	objects = {

/* Begin PBXBuildFile section */
		1686B5BC24EAAADFE863F133 /* Pods_DairyAppTests.framework in Frameworks */ = {isa = PBXBuildFile; fileRef = A802883CA478AAADA88BA265 /* Pods_DairyAppTests.framework */; };
		18209ABA29F83093001D82A4 /* WeekDayCollectionViewCell.swift in Sources */ = {isa = PBXBuildFile; fileRef = 18209AB929F83093001D82A4 /* WeekDayCollectionViewCell.swift */; };
		182F339429F3EC8900F52EFE /* ContentTableViewCell.swift in Sources */ = {isa = PBXBuildFile; fileRef = 182F339329F3EC8900F52EFE /* ContentTableViewCell.swift */; };
		182F339629F3EE3900F52EFE /* MoodTableViewCell.swift in Sources */ = {isa = PBXBuildFile; fileRef = 182F339529F3EE3900F52EFE /* MoodTableViewCell.swift */; };
		182F339829F3FD0500F52EFE /* PhotoTableViewCell.swift in Sources */ = {isa = PBXBuildFile; fileRef = 182F339729F3FD0500F52EFE /* PhotoTableViewCell.swift */; };
		182F339A29F4154C00F52EFE /* FileManagerForImage.swift in Sources */ = {isa = PBXBuildFile; fileRef = 182F339929F4154B00F52EFE /* FileManagerForImage.swift */; };
		1831D4E62A03FEF60042154B /* AuthViewController.swift in Sources */ = {isa = PBXBuildFile; fileRef = 1831D4E52A03FEF60042154B /* AuthViewController.swift */; };
		1831D4E82A04095D0042154B /* BiometricViewController.swift in Sources */ = {isa = PBXBuildFile; fileRef = 1831D4E72A04095D0042154B /* BiometricViewController.swift */; };
		18729E4129FD258B00887CEF /* TemporatyViewModel.swift in Sources */ = {isa = PBXBuildFile; fileRef = 18729E4029FD258B00887CEF /* TemporatyViewModel.swift */; };
		187C4D7A29FC1996008CC423 /* CoreDataManager.swift in Sources */ = {isa = PBXBuildFile; fileRef = 187C4D7929FC1996008CC423 /* CoreDataManager.swift */; };
		187C4D7C29FC335A008CC423 /* ModuleBuilder.swift in Sources */ = {isa = PBXBuildFile; fileRef = 187C4D7B29FC3359008CC423 /* ModuleBuilder.swift */; };
		187C4D7F29FC356A008CC423 /* DairyPresenter.swift in Sources */ = {isa = PBXBuildFile; fileRef = 187C4D7E29FC356A008CC423 /* DairyPresenter.swift */; };
		187C4D8129FC38CD008CC423 /* NewNotePresenter.swift in Sources */ = {isa = PBXBuildFile; fileRef = 187C4D8029FC38CD008CC423 /* NewNotePresenter.swift */; };
		187C4D8529FC3AA7008CC423 /* StatisticPresenter.swift in Sources */ = {isa = PBXBuildFile; fileRef = 187C4D8429FC3AA7008CC423 /* StatisticPresenter.swift */; };
		187C4D8729FC45BE008CC423 /* NoteViewModel.swift in Sources */ = {isa = PBXBuildFile; fileRef = 187C4D8629FC45BE008CC423 /* NoteViewModel.swift */; };
		187C4D8929FC5904008CC423 /* TagViewModel.swift in Sources */ = {isa = PBXBuildFile; fileRef = 187C4D8829FC5904008CC423 /* TagViewModel.swift */; };
		1888DF1C29F2FA36004ED046 /* AppDelegate.swift in Sources */ = {isa = PBXBuildFile; fileRef = 1888DF1B29F2FA36004ED046 /* AppDelegate.swift */; };
		1888DF1E29F2FA36004ED046 /* SceneDelegate.swift in Sources */ = {isa = PBXBuildFile; fileRef = 1888DF1D29F2FA36004ED046 /* SceneDelegate.swift */; };
		1888DF2629F2FA36004ED046 /* DairyApp.xcdatamodeld in Sources */ = {isa = PBXBuildFile; fileRef = 1888DF2429F2FA36004ED046 /* DairyApp.xcdatamodeld */; };
		1888DF2829F2FA3A004ED046 /* Assets.xcassets in Resources */ = {isa = PBXBuildFile; fileRef = 1888DF2729F2FA3A004ED046 /* Assets.xcassets */; };
		1888DF2B29F2FA3A004ED046 /* LaunchScreen.storyboard in Resources */ = {isa = PBXBuildFile; fileRef = 1888DF2929F2FA3A004ED046 /* LaunchScreen.storyboard */; };
		1888DF3629F2FA3A004ED046 /* DairyAppTests.swift in Sources */ = {isa = PBXBuildFile; fileRef = 1888DF3529F2FA3A004ED046 /* DairyAppTests.swift */; };
		1888DF4029F2FA3A004ED046 /* DairyAppUITests.swift in Sources */ = {isa = PBXBuildFile; fileRef = 1888DF3F29F2FA3A004ED046 /* DairyAppUITests.swift */; };
		1888DF4229F2FA3A004ED046 /* DairyAppUITestsLaunchTests.swift in Sources */ = {isa = PBXBuildFile; fileRef = 1888DF4129F2FA3A004ED046 /* DairyAppUITestsLaunchTests.swift */; };
		1888DF5129F2FAFF004ED046 /* MainTabBarController.swift in Sources */ = {isa = PBXBuildFile; fileRef = 1888DF5029F2FAFF004ED046 /* MainTabBarController.swift */; };
		1888DF5529F2FB55004ED046 /* DairyViewController.swift in Sources */ = {isa = PBXBuildFile; fileRef = 1888DF5429F2FB55004ED046 /* DairyViewController.swift */; };
		1888DF5929F2FBB0004ED046 /* NewNoteViewController.swift in Sources */ = {isa = PBXBuildFile; fileRef = 1888DF5829F2FBB0004ED046 /* NewNoteViewController.swift */; };
		1888DF5D29F2FC35004ED046 /* StatisticViewController.swift in Sources */ = {isa = PBXBuildFile; fileRef = 1888DF5C29F2FC35004ED046 /* StatisticViewController.swift */; };
		1888DF6329F2FCA1004ED046 /* SettingsViewController.swift in Sources */ = {isa = PBXBuildFile; fileRef = 1888DF6229F2FCA1004ED046 /* SettingsViewController.swift */; };
		18AAC92F29F982BF00F4D4D8 /* WeekDay.swift in Sources */ = {isa = PBXBuildFile; fileRef = 18AAC92E29F982BF00F4D4D8 /* WeekDay.swift */; };
		18AAC93129F9859000F4D4D8 /* DairyTableViewCell.swift in Sources */ = {isa = PBXBuildFile; fileRef = 18AAC93029F9859000F4D4D8 /* DairyTableViewCell.swift */; };
		18AAC93329F98C8900F4D4D8 /* EmojiEnum.swift in Sources */ = {isa = PBXBuildFile; fileRef = 18AAC93229F98C8900F4D4D8 /* EmojiEnum.swift */; };
		18D9CFD829F6CA150052321C /* TagTableViewCell.swift in Sources */ = {isa = PBXBuildFile; fileRef = 18D9CFD729F6CA150052321C /* TagTableViewCell.swift */; };
		18D9CFDA29F6CEDD0052321C /* MoodTagCollectionViewCell.swift in Sources */ = {isa = PBXBuildFile; fileRef = 18D9CFD929F6CEDD0052321C /* MoodTagCollectionViewCell.swift */; };
		18FB5A0C2A01756700EC184D /* SearchNoteViewController.swift in Sources */ = {isa = PBXBuildFile; fileRef = 18FB5A0B2A01756700EC184D /* SearchNoteViewController.swift */; };
		18FFB9BF2A06C3790088C646 /* IntegerValueFormatter.swift in Sources */ = {isa = PBXBuildFile; fileRef = 18FFB9BE2A06C3790088C646 /* IntegerValueFormatter.swift */; };
		4EDA8B49DF260A29BDBA490B /* Pods_DairyApp_DairyAppUITests.framework in Frameworks */ = {isa = PBXBuildFile; fileRef = 7859DB7289CD0CFC939EB4B1 /* Pods_DairyApp_DairyAppUITests.framework */; };
		86A02E38AA98B12F76B70DAF /* Pods_DairyApp.framework in Frameworks */ = {isa = PBXBuildFile; fileRef = 4E3C91D46DE58A41AB6B47E1 /* Pods_DairyApp.framework */; };
/* End PBXBuildFile section */

/* Begin PBXContainerItemProxy section */
		1888DF3229F2FA3A004ED046 /* PBXContainerItemProxy */ = {
			isa = PBXContainerItemProxy;
			containerPortal = 1888DF1029F2FA36004ED046 /* Project object */;
			proxyType = 1;
			remoteGlobalIDString = 1888DF1729F2FA36004ED046;
			remoteInfo = DairyApp;
		};
		1888DF3C29F2FA3A004ED046 /* PBXContainerItemProxy */ = {
			isa = PBXContainerItemProxy;
			containerPortal = 1888DF1029F2FA36004ED046 /* Project object */;
			proxyType = 1;
			remoteGlobalIDString = 1888DF1729F2FA36004ED046;
			remoteInfo = DairyApp;
		};
/* End PBXContainerItemProxy section */

/* Begin PBXFileReference section */
		18209AB929F83093001D82A4 /* WeekDayCollectionViewCell.swift */ = {isa = PBXFileReference; lastKnownFileType = sourcecode.swift; path = WeekDayCollectionViewCell.swift; sourceTree = "<group>"; };
		182F339329F3EC8900F52EFE /* ContentTableViewCell.swift */ = {isa = PBXFileReference; lastKnownFileType = sourcecode.swift; path = ContentTableViewCell.swift; sourceTree = "<group>"; };
		182F339529F3EE3900F52EFE /* MoodTableViewCell.swift */ = {isa = PBXFileReference; lastKnownFileType = sourcecode.swift; path = MoodTableViewCell.swift; sourceTree = "<group>"; };
		182F339729F3FD0500F52EFE /* PhotoTableViewCell.swift */ = {isa = PBXFileReference; lastKnownFileType = sourcecode.swift; path = PhotoTableViewCell.swift; sourceTree = "<group>"; };
		182F339929F4154B00F52EFE /* FileManagerForImage.swift */ = {isa = PBXFileReference; lastKnownFileType = sourcecode.swift; path = FileManagerForImage.swift; sourceTree = "<group>"; };
		1831D4E52A03FEF60042154B /* AuthViewController.swift */ = {isa = PBXFileReference; lastKnownFileType = sourcecode.swift; path = AuthViewController.swift; sourceTree = "<group>"; };
		1831D4E72A04095D0042154B /* BiometricViewController.swift */ = {isa = PBXFileReference; lastKnownFileType = sourcecode.swift; path = BiometricViewController.swift; sourceTree = "<group>"; };
		18729E4029FD258B00887CEF /* TemporatyViewModel.swift */ = {isa = PBXFileReference; lastKnownFileType = sourcecode.swift; path = TemporatyViewModel.swift; sourceTree = "<group>"; };
		187C4D7929FC1996008CC423 /* CoreDataManager.swift */ = {isa = PBXFileReference; lastKnownFileType = sourcecode.swift; path = CoreDataManager.swift; sourceTree = "<group>"; };
		187C4D7B29FC3359008CC423 /* ModuleBuilder.swift */ = {isa = PBXFileReference; lastKnownFileType = sourcecode.swift; path = ModuleBuilder.swift; sourceTree = "<group>"; };
		187C4D7E29FC356A008CC423 /* DairyPresenter.swift */ = {isa = PBXFileReference; lastKnownFileType = sourcecode.swift; path = DairyPresenter.swift; sourceTree = "<group>"; };
		187C4D8029FC38CD008CC423 /* NewNotePresenter.swift */ = {isa = PBXFileReference; lastKnownFileType = sourcecode.swift; path = NewNotePresenter.swift; sourceTree = "<group>"; };
		187C4D8429FC3AA7008CC423 /* StatisticPresenter.swift */ = {isa = PBXFileReference; lastKnownFileType = sourcecode.swift; path = StatisticPresenter.swift; sourceTree = "<group>"; };
		187C4D8629FC45BE008CC423 /* NoteViewModel.swift */ = {isa = PBXFileReference; lastKnownFileType = sourcecode.swift; path = NoteViewModel.swift; sourceTree = "<group>"; };
		187C4D8829FC5904008CC423 /* TagViewModel.swift */ = {isa = PBXFileReference; lastKnownFileType = sourcecode.swift; path = TagViewModel.swift; sourceTree = "<group>"; };
		1888DF1829F2FA36004ED046 /* DairyApp.app */ = {isa = PBXFileReference; explicitFileType = wrapper.application; includeInIndex = 0; path = DairyApp.app; sourceTree = BUILT_PRODUCTS_DIR; };
		1888DF1B29F2FA36004ED046 /* AppDelegate.swift */ = {isa = PBXFileReference; lastKnownFileType = sourcecode.swift; path = AppDelegate.swift; sourceTree = "<group>"; };
		1888DF1D29F2FA36004ED046 /* SceneDelegate.swift */ = {isa = PBXFileReference; lastKnownFileType = sourcecode.swift; path = SceneDelegate.swift; sourceTree = "<group>"; };
		1888DF2529F2FA36004ED046 /* DairyApp.xcdatamodel */ = {isa = PBXFileReference; lastKnownFileType = wrapper.xcdatamodel; path = DairyApp.xcdatamodel; sourceTree = "<group>"; };
		1888DF2729F2FA3A004ED046 /* Assets.xcassets */ = {isa = PBXFileReference; lastKnownFileType = folder.assetcatalog; path = Assets.xcassets; sourceTree = "<group>"; };
		1888DF2A29F2FA3A004ED046 /* Base */ = {isa = PBXFileReference; lastKnownFileType = file.storyboard; name = Base; path = Base.lproj/LaunchScreen.storyboard; sourceTree = "<group>"; };
		1888DF2C29F2FA3A004ED046 /* Info.plist */ = {isa = PBXFileReference; lastKnownFileType = text.plist.xml; path = Info.plist; sourceTree = "<group>"; };
		1888DF3129F2FA3A004ED046 /* DairyAppTests.xctest */ = {isa = PBXFileReference; explicitFileType = wrapper.cfbundle; includeInIndex = 0; path = DairyAppTests.xctest; sourceTree = BUILT_PRODUCTS_DIR; };
		1888DF3529F2FA3A004ED046 /* DairyAppTests.swift */ = {isa = PBXFileReference; lastKnownFileType = sourcecode.swift; path = DairyAppTests.swift; sourceTree = "<group>"; };
		1888DF3B29F2FA3A004ED046 /* DairyAppUITests.xctest */ = {isa = PBXFileReference; explicitFileType = wrapper.cfbundle; includeInIndex = 0; path = DairyAppUITests.xctest; sourceTree = BUILT_PRODUCTS_DIR; };
		1888DF3F29F2FA3A004ED046 /* DairyAppUITests.swift */ = {isa = PBXFileReference; lastKnownFileType = sourcecode.swift; path = DairyAppUITests.swift; sourceTree = "<group>"; };
		1888DF4129F2FA3A004ED046 /* DairyAppUITestsLaunchTests.swift */ = {isa = PBXFileReference; lastKnownFileType = sourcecode.swift; path = DairyAppUITestsLaunchTests.swift; sourceTree = "<group>"; };
		1888DF5029F2FAFF004ED046 /* MainTabBarController.swift */ = {isa = PBXFileReference; lastKnownFileType = sourcecode.swift; path = MainTabBarController.swift; sourceTree = "<group>"; };
		1888DF5429F2FB55004ED046 /* DairyViewController.swift */ = {isa = PBXFileReference; lastKnownFileType = sourcecode.swift; path = DairyViewController.swift; sourceTree = "<group>"; };
		1888DF5829F2FBB0004ED046 /* NewNoteViewController.swift */ = {isa = PBXFileReference; lastKnownFileType = sourcecode.swift; path = NewNoteViewController.swift; sourceTree = "<group>"; };
		1888DF5C29F2FC35004ED046 /* StatisticViewController.swift */ = {isa = PBXFileReference; lastKnownFileType = sourcecode.swift; path = StatisticViewController.swift; sourceTree = "<group>"; };
		1888DF6229F2FCA1004ED046 /* SettingsViewController.swift */ = {isa = PBXFileReference; lastKnownFileType = sourcecode.swift; path = SettingsViewController.swift; sourceTree = "<group>"; };
		18AAC92E29F982BF00F4D4D8 /* WeekDay.swift */ = {isa = PBXFileReference; lastKnownFileType = sourcecode.swift; path = WeekDay.swift; sourceTree = "<group>"; };
		18AAC93029F9859000F4D4D8 /* DairyTableViewCell.swift */ = {isa = PBXFileReference; lastKnownFileType = sourcecode.swift; path = DairyTableViewCell.swift; sourceTree = "<group>"; };
		18AAC93229F98C8900F4D4D8 /* EmojiEnum.swift */ = {isa = PBXFileReference; lastKnownFileType = sourcecode.swift; path = EmojiEnum.swift; sourceTree = "<group>"; };
		18D9CFD729F6CA150052321C /* TagTableViewCell.swift */ = {isa = PBXFileReference; lastKnownFileType = sourcecode.swift; path = TagTableViewCell.swift; sourceTree = "<group>"; };
		18D9CFD929F6CEDD0052321C /* MoodTagCollectionViewCell.swift */ = {isa = PBXFileReference; lastKnownFileType = sourcecode.swift; path = MoodTagCollectionViewCell.swift; sourceTree = "<group>"; };
		18FB5A0B2A01756700EC184D /* SearchNoteViewController.swift */ = {isa = PBXFileReference; lastKnownFileType = sourcecode.swift; path = SearchNoteViewController.swift; sourceTree = "<group>"; };
		18FFB9BE2A06C3790088C646 /* IntegerValueFormatter.swift */ = {isa = PBXFileReference; lastKnownFileType = sourcecode.swift; path = IntegerValueFormatter.swift; sourceTree = "<group>"; };
		1A5DC2C2EE16313BFC75A071 /* Pods-DairyApp-DairyAppUITests.debug.xcconfig */ = {isa = PBXFileReference; includeInIndex = 1; lastKnownFileType = text.xcconfig; name = "Pods-DairyApp-DairyAppUITests.debug.xcconfig"; path = "Target Support Files/Pods-DairyApp-DairyAppUITests/Pods-DairyApp-DairyAppUITests.debug.xcconfig"; sourceTree = "<group>"; };
		43C9B820C17FAEC3CAC850F3 /* Pods-DairyApp-DairyAppUITests.release.xcconfig */ = {isa = PBXFileReference; includeInIndex = 1; lastKnownFileType = text.xcconfig; name = "Pods-DairyApp-DairyAppUITests.release.xcconfig"; path = "Target Support Files/Pods-DairyApp-DairyAppUITests/Pods-DairyApp-DairyAppUITests.release.xcconfig"; sourceTree = "<group>"; };
		4E3C91D46DE58A41AB6B47E1 /* Pods_DairyApp.framework */ = {isa = PBXFileReference; explicitFileType = wrapper.framework; includeInIndex = 0; path = Pods_DairyApp.framework; sourceTree = BUILT_PRODUCTS_DIR; };
		69F007186DAF6695F359ADA3 /* Pods-DairyAppTests.release.xcconfig */ = {isa = PBXFileReference; includeInIndex = 1; lastKnownFileType = text.xcconfig; name = "Pods-DairyAppTests.release.xcconfig"; path = "Target Support Files/Pods-DairyAppTests/Pods-DairyAppTests.release.xcconfig"; sourceTree = "<group>"; };
		730200DEB2B6D67FA522F07B /* Pods-DairyAppTests.debug.xcconfig */ = {isa = PBXFileReference; includeInIndex = 1; lastKnownFileType = text.xcconfig; name = "Pods-DairyAppTests.debug.xcconfig"; path = "Target Support Files/Pods-DairyAppTests/Pods-DairyAppTests.debug.xcconfig"; sourceTree = "<group>"; };
		7859DB7289CD0CFC939EB4B1 /* Pods_DairyApp_DairyAppUITests.framework */ = {isa = PBXFileReference; explicitFileType = wrapper.framework; includeInIndex = 0; path = Pods_DairyApp_DairyAppUITests.framework; sourceTree = BUILT_PRODUCTS_DIR; };
		A802883CA478AAADA88BA265 /* Pods_DairyAppTests.framework */ = {isa = PBXFileReference; explicitFileType = wrapper.framework; includeInIndex = 0; path = Pods_DairyAppTests.framework; sourceTree = BUILT_PRODUCTS_DIR; };
		D57D19FBDC2B9892C9EFB692 /* Pods-DairyApp.release.xcconfig */ = {isa = PBXFileReference; includeInIndex = 1; lastKnownFileType = text.xcconfig; name = "Pods-DairyApp.release.xcconfig"; path = "Target Support Files/Pods-DairyApp/Pods-DairyApp.release.xcconfig"; sourceTree = "<group>"; };
		DDBEFDC77D4FA9C29206E081 /* Pods-DairyApp.debug.xcconfig */ = {isa = PBXFileReference; includeInIndex = 1; lastKnownFileType = text.xcconfig; name = "Pods-DairyApp.debug.xcconfig"; path = "Target Support Files/Pods-DairyApp/Pods-DairyApp.debug.xcconfig"; sourceTree = "<group>"; };
/* End PBXFileReference section */

/* Begin PBXFrameworksBuildPhase section */
		1888DF1529F2FA36004ED046 /* Frameworks */ = {
			isa = PBXFrameworksBuildPhase;
			buildActionMask = 2147483647;
			files = (
				86A02E38AA98B12F76B70DAF /* Pods_DairyApp.framework in Frameworks */,
			);
			runOnlyForDeploymentPostprocessing = 0;
		};
		1888DF2E29F2FA3A004ED046 /* Frameworks */ = {
			isa = PBXFrameworksBuildPhase;
			buildActionMask = 2147483647;
			files = (
				1686B5BC24EAAADFE863F133 /* Pods_DairyAppTests.framework in Frameworks */,
			);
			runOnlyForDeploymentPostprocessing = 0;
		};
		1888DF3829F2FA3A004ED046 /* Frameworks */ = {
			isa = PBXFrameworksBuildPhase;
			buildActionMask = 2147483647;
			files = (
				4EDA8B49DF260A29BDBA490B /* Pods_DairyApp_DairyAppUITests.framework in Frameworks */,
			);
			runOnlyForDeploymentPostprocessing = 0;
		};
/* End PBXFrameworksBuildPhase section */

/* Begin PBXGroup section */
		1831D4E42A03FECE0042154B /* AuthModule */ = {
			isa = PBXGroup;
			children = (
				1831D4E52A03FEF60042154B /* AuthViewController.swift */,
			);
			name = AuthModule;
			path = Resources;
			sourceTree = "<group>";
		};
		18729E3F29FD255800887CEF /* Model */ = {
			isa = PBXGroup;
			children = (
				18729E4029FD258B00887CEF /* TemporatyViewModel.swift */,
			);
			path = Model;
			sourceTree = "<group>";
		};
		187C4D7D29FC354E008CC423 /* Presenter */ = {
			isa = PBXGroup;
			children = (
				187C4D7E29FC356A008CC423 /* DairyPresenter.swift */,
				187C4D8629FC45BE008CC423 /* NoteViewModel.swift */,
				187C4D8829FC5904008CC423 /* TagViewModel.swift */,
			);
			path = Presenter;
			sourceTree = "<group>";
		};
		187C4D8229FC38D8008CC423 /* Presenter */ = {
			isa = PBXGroup;
			children = (
				187C4D8029FC38CD008CC423 /* NewNotePresenter.swift */,
			);
			path = Presenter;
			sourceTree = "<group>";
		};
		187C4D8329FC3A8C008CC423 /* Presenter */ = {
			isa = PBXGroup;
			children = (
				187C4D8429FC3AA7008CC423 /* StatisticPresenter.swift */,
			);
			path = Presenter;
			sourceTree = "<group>";
		};
		1888DF0F29F2FA36004ED046 = {
			isa = PBXGroup;
			children = (
				1888DF1A29F2FA36004ED046 /* DairyApp */,
				1888DF3429F2FA3A004ED046 /* DairyAppTests */,
				1888DF3E29F2FA3A004ED046 /* DairyAppUITests */,
				1888DF1929F2FA36004ED046 /* Products */,
				F71D3CAC0E7BF9245E3B32D7 /* Pods */,
				E674167C5B8A4BC0EBB6E03C /* Frameworks */,
			);
			sourceTree = "<group>";
		};
		1888DF1929F2FA36004ED046 /* Products */ = {
			isa = PBXGroup;
			children = (
				1888DF1829F2FA36004ED046 /* DairyApp.app */,
				1888DF3129F2FA3A004ED046 /* DairyAppTests.xctest */,
				1888DF3B29F2FA3A004ED046 /* DairyAppUITests.xctest */,
			);
			name = Products;
			sourceTree = "<group>";
		};
		1888DF1A29F2FA36004ED046 /* DairyApp */ = {
			isa = PBXGroup;
			children = (
				1888DF4E29F2FACA004ED046 /* Resources */,
				1831D4E42A03FECE0042154B /* AuthModule */,
				1888DF4F29F2FADD004ED046 /* MainTabBar */,
				1888DF5229F2FB28004ED046 /* DairyModule */,
				1888DF5629F2FB80004ED046 /* NewNoteModule */,
				1888DF5A29F2FBCC004ED046 /* StatisticModule */,
				1888DF5E29F2FC59004ED046 /* SettingsModule */,
				1888DF2C29F2FA3A004ED046 /* Info.plist */,
				1888DF2429F2FA36004ED046 /* DairyApp.xcdatamodeld */,
			);
			path = DairyApp;
			sourceTree = "<group>";
		};
		1888DF3429F2FA3A004ED046 /* DairyAppTests */ = {
			isa = PBXGroup;
			children = (
				1888DF3529F2FA3A004ED046 /* DairyAppTests.swift */,
			);
			path = DairyAppTests;
			sourceTree = "<group>";
		};
		1888DF3E29F2FA3A004ED046 /* DairyAppUITests */ = {
			isa = PBXGroup;
			children = (
				1888DF3F29F2FA3A004ED046 /* DairyAppUITests.swift */,
				1888DF4129F2FA3A004ED046 /* DairyAppUITestsLaunchTests.swift */,
			);
			path = DairyAppUITests;
			sourceTree = "<group>";
		};
		1888DF4E29F2FACA004ED046 /* Resources */ = {
			isa = PBXGroup;
			children = (
				1888DF1B29F2FA36004ED046 /* AppDelegate.swift */,
				1888DF1D29F2FA36004ED046 /* SceneDelegate.swift */,
				182F339929F4154B00F52EFE /* FileManagerForImage.swift */,
				187C4D7929FC1996008CC423 /* CoreDataManager.swift */,
				187C4D7B29FC3359008CC423 /* ModuleBuilder.swift */,
				1888DF2729F2FA3A004ED046 /* Assets.xcassets */,
				1888DF2929F2FA3A004ED046 /* LaunchScreen.storyboard */,
			);
			path = Resources;
			sourceTree = "<group>";
		};
		1888DF4F29F2FADD004ED046 /* MainTabBar */ = {
			isa = PBXGroup;
			children = (
				1888DF5029F2FAFF004ED046 /* MainTabBarController.swift */,
			);
			path = MainTabBar;
			sourceTree = "<group>";
		};
		1888DF5229F2FB28004ED046 /* DairyModule */ = {
			isa = PBXGroup;
			children = (
				18AAC92D29F982A900F4D4D8 /* Model */,
				187C4D7D29FC354E008CC423 /* Presenter */,
				1888DF5329F2FB40004ED046 /* View */,
			);
			path = DairyModule;
			sourceTree = "<group>";
		};
		1888DF5329F2FB40004ED046 /* View */ = {
			isa = PBXGroup;
			children = (
				1888DF5429F2FB55004ED046 /* DairyViewController.swift */,
				18209AB929F83093001D82A4 /* WeekDayCollectionViewCell.swift */,
				18AAC93029F9859000F4D4D8 /* DairyTableViewCell.swift */,
				18FB5A0B2A01756700EC184D /* SearchNoteViewController.swift */,
			);
			path = View;
			sourceTree = "<group>";
		};
		1888DF5629F2FB80004ED046 /* NewNoteModule */ = {
			isa = PBXGroup;
			children = (
				18729E3F29FD255800887CEF /* Model */,
				1888DF5729F2FB9A004ED046 /* View */,
				187C4D8229FC38D8008CC423 /* Presenter */,
			);
			path = NewNoteModule;
			sourceTree = "<group>";
		};
		1888DF5729F2FB9A004ED046 /* View */ = {
			isa = PBXGroup;
			children = (
				1888DF5829F2FBB0004ED046 /* NewNoteViewController.swift */,
				182F339329F3EC8900F52EFE /* ContentTableViewCell.swift */,
				182F339529F3EE3900F52EFE /* MoodTableViewCell.swift */,
				18D9CFD729F6CA150052321C /* TagTableViewCell.swift */,
				18D9CFD929F6CEDD0052321C /* MoodTagCollectionViewCell.swift */,
				182F339729F3FD0500F52EFE /* PhotoTableViewCell.swift */,
			);
			path = View;
			sourceTree = "<group>";
		};
		1888DF5A29F2FBCC004ED046 /* StatisticModule */ = {
			isa = PBXGroup;
			children = (
				187C4D8329FC3A8C008CC423 /* Presenter */,
				1888DF5B29F2FC0D004ED046 /* View */,
			);
			path = StatisticModule;
			sourceTree = "<group>";
		};
		1888DF5B29F2FC0D004ED046 /* View */ = {
			isa = PBXGroup;
			children = (
				1888DF5C29F2FC35004ED046 /* StatisticViewController.swift */,
				18FFB9BE2A06C3790088C646 /* IntegerValueFormatter.swift */,
			);
			path = View;
			sourceTree = "<group>";
		};
		1888DF5E29F2FC59004ED046 /* SettingsModule */ = {
			isa = PBXGroup;
			children = (
				1888DF5F29F2FC68004ED046 /* View */,
			);
			path = SettingsModule;
			sourceTree = "<group>";
		};
		1888DF5F29F2FC68004ED046 /* View */ = {
			isa = PBXGroup;
			children = (
				1888DF6229F2FCA1004ED046 /* SettingsViewController.swift */,
				1831D4E72A04095D0042154B /* BiometricViewController.swift */,
			);
			path = View;
			sourceTree = "<group>";
		};
		18AAC92D29F982A900F4D4D8 /* Model */ = {
			isa = PBXGroup;
			children = (
				18AAC92E29F982BF00F4D4D8 /* WeekDay.swift */,
				18AAC93229F98C8900F4D4D8 /* EmojiEnum.swift */,
			);
			path = Model;
			sourceTree = "<group>";
		};
		E674167C5B8A4BC0EBB6E03C /* Frameworks */ = {
			isa = PBXGroup;
			children = (
				4E3C91D46DE58A41AB6B47E1 /* Pods_DairyApp.framework */,
				7859DB7289CD0CFC939EB4B1 /* Pods_DairyApp_DairyAppUITests.framework */,
				A802883CA478AAADA88BA265 /* Pods_DairyAppTests.framework */,
			);
			name = Frameworks;
			sourceTree = "<group>";
		};
		F71D3CAC0E7BF9245E3B32D7 /* Pods */ = {
			isa = PBXGroup;
			children = (
				DDBEFDC77D4FA9C29206E081 /* Pods-DairyApp.debug.xcconfig */,
				D57D19FBDC2B9892C9EFB692 /* Pods-DairyApp.release.xcconfig */,
				1A5DC2C2EE16313BFC75A071 /* Pods-DairyApp-DairyAppUITests.debug.xcconfig */,
				43C9B820C17FAEC3CAC850F3 /* Pods-DairyApp-DairyAppUITests.release.xcconfig */,
				730200DEB2B6D67FA522F07B /* Pods-DairyAppTests.debug.xcconfig */,
				69F007186DAF6695F359ADA3 /* Pods-DairyAppTests.release.xcconfig */,
			);
			path = Pods;
			sourceTree = "<group>";
		};
/* End PBXGroup section */

/* Begin PBXNativeTarget section */
		1888DF1729F2FA36004ED046 /* DairyApp */ = {
			isa = PBXNativeTarget;
			buildConfigurationList = 1888DF4529F2FA3A004ED046 /* Build configuration list for PBXNativeTarget "DairyApp" */;
			buildPhases = (
				AB90ADC7F2816C3CECF730C9 /* [CP] Check Pods Manifest.lock */,
				1888DF1429F2FA36004ED046 /* Sources */,
				1888DF1529F2FA36004ED046 /* Frameworks */,
				1888DF1629F2FA36004ED046 /* Resources */,
				44A4C84504EDFB274AE047ED /* [CP] Embed Pods Frameworks */,
			);
			buildRules = (
			);
			dependencies = (
			);
			name = DairyApp;
			productName = DairyApp;
			productReference = 1888DF1829F2FA36004ED046 /* DairyApp.app */;
			productType = "com.apple.product-type.application";
		};
		1888DF3029F2FA3A004ED046 /* DairyAppTests */ = {
			isa = PBXNativeTarget;
			buildConfigurationList = 1888DF4829F2FA3A004ED046 /* Build configuration list for PBXNativeTarget "DairyAppTests" */;
			buildPhases = (
				6DFC07375124FE51215B2A35 /* [CP] Check Pods Manifest.lock */,
				1888DF2D29F2FA3A004ED046 /* Sources */,
				1888DF2E29F2FA3A004ED046 /* Frameworks */,
				1888DF2F29F2FA3A004ED046 /* Resources */,
			);
			buildRules = (
			);
			dependencies = (
				1888DF3329F2FA3A004ED046 /* PBXTargetDependency */,
			);
			name = DairyAppTests;
			productName = DairyAppTests;
			productReference = 1888DF3129F2FA3A004ED046 /* DairyAppTests.xctest */;
			productType = "com.apple.product-type.bundle.unit-test";
		};
		1888DF3A29F2FA3A004ED046 /* DairyAppUITests */ = {
			isa = PBXNativeTarget;
			buildConfigurationList = 1888DF4B29F2FA3A004ED046 /* Build configuration list for PBXNativeTarget "DairyAppUITests" */;
			buildPhases = (
				4B9A944645C8EF75B25601E6 /* [CP] Check Pods Manifest.lock */,
				1888DF3729F2FA3A004ED046 /* Sources */,
				1888DF3829F2FA3A004ED046 /* Frameworks */,
				1888DF3929F2FA3A004ED046 /* Resources */,
				571BACFF9FA18D1E4F866D6F /* [CP] Embed Pods Frameworks */,
			);
			buildRules = (
			);
			dependencies = (
				1888DF3D29F2FA3A004ED046 /* PBXTargetDependency */,
			);
			name = DairyAppUITests;
			productName = DairyAppUITests;
			productReference = 1888DF3B29F2FA3A004ED046 /* DairyAppUITests.xctest */;
			productType = "com.apple.product-type.bundle.ui-testing";
		};
/* End PBXNativeTarget section */

/* Begin PBXProject section */
		1888DF1029F2FA36004ED046 /* Project object */ = {
			isa = PBXProject;
			attributes = {
				BuildIndependentTargetsInParallel = 1;
				LastSwiftUpdateCheck = 1420;
				LastUpgradeCheck = 1420;
				TargetAttributes = {
					1888DF1729F2FA36004ED046 = {
						CreatedOnToolsVersion = 14.2;
					};
					1888DF3029F2FA3A004ED046 = {
						CreatedOnToolsVersion = 14.2;
						TestTargetID = 1888DF1729F2FA36004ED046;
					};
					1888DF3A29F2FA3A004ED046 = {
						CreatedOnToolsVersion = 14.2;
						TestTargetID = 1888DF1729F2FA36004ED046;
					};
				};
			};
			buildConfigurationList = 1888DF1329F2FA36004ED046 /* Build configuration list for PBXProject "DairyApp" */;
			compatibilityVersion = "Xcode 14.0";
			developmentRegion = en;
			hasScannedForEncodings = 0;
			knownRegions = (
				en,
				Base,
			);
			mainGroup = 1888DF0F29F2FA36004ED046;
			productRefGroup = 1888DF1929F2FA36004ED046 /* Products */;
			projectDirPath = "";
			projectRoot = "";
			targets = (
				1888DF1729F2FA36004ED046 /* DairyApp */,
				1888DF3029F2FA3A004ED046 /* DairyAppTests */,
				1888DF3A29F2FA3A004ED046 /* DairyAppUITests */,
			);
		};
/* End PBXProject section */

/* Begin PBXResourcesBuildPhase section */
		1888DF1629F2FA36004ED046 /* Resources */ = {
			isa = PBXResourcesBuildPhase;
			buildActionMask = 2147483647;
			files = (
				1888DF2B29F2FA3A004ED046 /* LaunchScreen.storyboard in Resources */,
				1888DF2829F2FA3A004ED046 /* Assets.xcassets in Resources */,
			);
			runOnlyForDeploymentPostprocessing = 0;
		};
		1888DF2F29F2FA3A004ED046 /* Resources */ = {
			isa = PBXResourcesBuildPhase;
			buildActionMask = 2147483647;
			files = (
			);
			runOnlyForDeploymentPostprocessing = 0;
		};
		1888DF3929F2FA3A004ED046 /* Resources */ = {
			isa = PBXResourcesBuildPhase;
			buildActionMask = 2147483647;
			files = (
			);
			runOnlyForDeploymentPostprocessing = 0;
		};
/* End PBXResourcesBuildPhase section */

/* Begin PBXShellScriptBuildPhase section */
		44A4C84504EDFB274AE047ED /* [CP] Embed Pods Frameworks */ = {
			isa = PBXShellScriptBuildPhase;
			buildActionMask = 2147483647;
			files = (
			);
			inputFileListPaths = (
				"${PODS_ROOT}/Target Support Files/Pods-DairyApp/Pods-DairyApp-frameworks-${CONFIGURATION}-input-files.xcfilelist",
			);
			name = "[CP] Embed Pods Frameworks";
			outputFileListPaths = (
				"${PODS_ROOT}/Target Support Files/Pods-DairyApp/Pods-DairyApp-frameworks-${CONFIGURATION}-output-files.xcfilelist",
			);
			runOnlyForDeploymentPostprocessing = 0;
			shellPath = /bin/sh;
			shellScript = "\"${PODS_ROOT}/Target Support Files/Pods-DairyApp/Pods-DairyApp-frameworks.sh\"\n";
			showEnvVarsInLog = 0;
		};
		4B9A944645C8EF75B25601E6 /* [CP] Check Pods Manifest.lock */ = {
			isa = PBXShellScriptBuildPhase;
			buildActionMask = 2147483647;
			files = (
			);
			inputFileListPaths = (
			);
			inputPaths = (
				"${PODS_PODFILE_DIR_PATH}/Podfile.lock",
				"${PODS_ROOT}/Manifest.lock",
			);
			name = "[CP] Check Pods Manifest.lock";
			outputFileListPaths = (
			);
			outputPaths = (
				"$(DERIVED_FILE_DIR)/Pods-DairyApp-DairyAppUITests-checkManifestLockResult.txt",
			);
			runOnlyForDeploymentPostprocessing = 0;
			shellPath = /bin/sh;
			shellScript = "diff \"${PODS_PODFILE_DIR_PATH}/Podfile.lock\" \"${PODS_ROOT}/Manifest.lock\" > /dev/null\nif [ $? != 0 ] ; then\n    # print error to STDERR\n    echo \"error: The sandbox is not in sync with the Podfile.lock. Run 'pod install' or update your CocoaPods installation.\" >&2\n    exit 1\nfi\n# This output is used by Xcode 'outputs' to avoid re-running this script phase.\necho \"SUCCESS\" > \"${SCRIPT_OUTPUT_FILE_0}\"\n";
			showEnvVarsInLog = 0;
		};
		571BACFF9FA18D1E4F866D6F /* [CP] Embed Pods Frameworks */ = {
			isa = PBXShellScriptBuildPhase;
			buildActionMask = 2147483647;
			files = (
			);
			inputFileListPaths = (
				"${PODS_ROOT}/Target Support Files/Pods-DairyApp-DairyAppUITests/Pods-DairyApp-DairyAppUITests-frameworks-${CONFIGURATION}-input-files.xcfilelist",
			);
			name = "[CP] Embed Pods Frameworks";
			outputFileListPaths = (
				"${PODS_ROOT}/Target Support Files/Pods-DairyApp-DairyAppUITests/Pods-DairyApp-DairyAppUITests-frameworks-${CONFIGURATION}-output-files.xcfilelist",
			);
			runOnlyForDeploymentPostprocessing = 0;
			shellPath = /bin/sh;
			shellScript = "\"${PODS_ROOT}/Target Support Files/Pods-DairyApp-DairyAppUITests/Pods-DairyApp-DairyAppUITests-frameworks.sh\"\n";
			showEnvVarsInLog = 0;
		};
		6DFC07375124FE51215B2A35 /* [CP] Check Pods Manifest.lock */ = {
			isa = PBXShellScriptBuildPhase;
			buildActionMask = 2147483647;
			files = (
			);
			inputFileListPaths = (
			);
			inputPaths = (
				"${PODS_PODFILE_DIR_PATH}/Podfile.lock",
				"${PODS_ROOT}/Manifest.lock",
			);
			name = "[CP] Check Pods Manifest.lock";
			outputFileListPaths = (
			);
			outputPaths = (
				"$(DERIVED_FILE_DIR)/Pods-DairyAppTests-checkManifestLockResult.txt",
			);
			runOnlyForDeploymentPostprocessing = 0;
			shellPath = /bin/sh;
			shellScript = "diff \"${PODS_PODFILE_DIR_PATH}/Podfile.lock\" \"${PODS_ROOT}/Manifest.lock\" > /dev/null\nif [ $? != 0 ] ; then\n    # print error to STDERR\n    echo \"error: The sandbox is not in sync with the Podfile.lock. Run 'pod install' or update your CocoaPods installation.\" >&2\n    exit 1\nfi\n# This output is used by Xcode 'outputs' to avoid re-running this script phase.\necho \"SUCCESS\" > \"${SCRIPT_OUTPUT_FILE_0}\"\n";
			showEnvVarsInLog = 0;
		};
		AB90ADC7F2816C3CECF730C9 /* [CP] Check Pods Manifest.lock */ = {
			isa = PBXShellScriptBuildPhase;
			buildActionMask = 2147483647;
			files = (
			);
			inputFileListPaths = (
			);
			inputPaths = (
				"${PODS_PODFILE_DIR_PATH}/Podfile.lock",
				"${PODS_ROOT}/Manifest.lock",
			);
			name = "[CP] Check Pods Manifest.lock";
			outputFileListPaths = (
			);
			outputPaths = (
				"$(DERIVED_FILE_DIR)/Pods-DairyApp-checkManifestLockResult.txt",
			);
			runOnlyForDeploymentPostprocessing = 0;
			shellPath = /bin/sh;
			shellScript = "diff \"${PODS_PODFILE_DIR_PATH}/Podfile.lock\" \"${PODS_ROOT}/Manifest.lock\" > /dev/null\nif [ $? != 0 ] ; then\n    # print error to STDERR\n    echo \"error: The sandbox is not in sync with the Podfile.lock. Run 'pod install' or update your CocoaPods installation.\" >&2\n    exit 1\nfi\n# This output is used by Xcode 'outputs' to avoid re-running this script phase.\necho \"SUCCESS\" > \"${SCRIPT_OUTPUT_FILE_0}\"\n";
			showEnvVarsInLog = 0;
		};
/* End PBXShellScriptBuildPhase section */

/* Begin PBXSourcesBuildPhase section */
		1888DF1429F2FA36004ED046 /* Sources */ = {
			isa = PBXSourcesBuildPhase;
			buildActionMask = 2147483647;
			files = (
				18D9CFDA29F6CEDD0052321C /* MoodTagCollectionViewCell.swift in Sources */,
				1888DF1C29F2FA36004ED046 /* AppDelegate.swift in Sources */,
				18FB5A0C2A01756700EC184D /* SearchNoteViewController.swift in Sources */,
				1831D4E82A04095D0042154B /* BiometricViewController.swift in Sources */,
				1888DF5D29F2FC35004ED046 /* StatisticViewController.swift in Sources */,
				187C4D7C29FC335A008CC423 /* ModuleBuilder.swift in Sources */,
				187C4D7A29FC1996008CC423 /* CoreDataManager.swift in Sources */,
				18AAC93129F9859000F4D4D8 /* DairyTableViewCell.swift in Sources */,
				1888DF1E29F2FA36004ED046 /* SceneDelegate.swift in Sources */,
				1888DF5529F2FB55004ED046 /* DairyViewController.swift in Sources */,
				187C4D8729FC45BE008CC423 /* NoteViewModel.swift in Sources */,
				18AAC92F29F982BF00F4D4D8 /* WeekDay.swift in Sources */,
				187C4D8929FC5904008CC423 /* TagViewModel.swift in Sources */,
				1888DF5129F2FAFF004ED046 /* MainTabBarController.swift in Sources */,
				182F339A29F4154C00F52EFE /* FileManagerForImage.swift in Sources */,
				18AAC93329F98C8900F4D4D8 /* EmojiEnum.swift in Sources */,
				1888DF2629F2FA36004ED046 /* DairyApp.xcdatamodeld in Sources */,
				1888DF5929F2FBB0004ED046 /* NewNoteViewController.swift in Sources */,
				182F339829F3FD0500F52EFE /* PhotoTableViewCell.swift in Sources */,
				18D9CFD829F6CA150052321C /* TagTableViewCell.swift in Sources */,
				1888DF6329F2FCA1004ED046 /* SettingsViewController.swift in Sources */,
				18FFB9BF2A06C3790088C646 /* IntegerValueFormatter.swift in Sources */,
				187C4D7F29FC356A008CC423 /* DairyPresenter.swift in Sources */,
				182F339429F3EC8900F52EFE /* ContentTableViewCell.swift in Sources */,
				18209ABA29F83093001D82A4 /* WeekDayCollectionViewCell.swift in Sources */,
				187C4D8529FC3AA7008CC423 /* StatisticPresenter.swift in Sources */,
				1831D4E62A03FEF60042154B /* AuthViewController.swift in Sources */,
				182F339629F3EE3900F52EFE /* MoodTableViewCell.swift in Sources */,
				18729E4129FD258B00887CEF /* TemporatyViewModel.swift in Sources */,
				187C4D8129FC38CD008CC423 /* NewNotePresenter.swift in Sources */,
			);
			runOnlyForDeploymentPostprocessing = 0;
		};
		1888DF2D29F2FA3A004ED046 /* Sources */ = {
			isa = PBXSourcesBuildPhase;
			buildActionMask = 2147483647;
			files = (
				1888DF3629F2FA3A004ED046 /* DairyAppTests.swift in Sources */,
			);
			runOnlyForDeploymentPostprocessing = 0;
		};
		1888DF3729F2FA3A004ED046 /* Sources */ = {
			isa = PBXSourcesBuildPhase;
			buildActionMask = 2147483647;
			files = (
				1888DF4229F2FA3A004ED046 /* DairyAppUITestsLaunchTests.swift in Sources */,
				1888DF4029F2FA3A004ED046 /* DairyAppUITests.swift in Sources */,
			);
			runOnlyForDeploymentPostprocessing = 0;
		};
/* End PBXSourcesBuildPhase section */

/* Begin PBXTargetDependency section */
		1888DF3329F2FA3A004ED046 /* PBXTargetDependency */ = {
			isa = PBXTargetDependency;
			target = 1888DF1729F2FA36004ED046 /* DairyApp */;
			targetProxy = 1888DF3229F2FA3A004ED046 /* PBXContainerItemProxy */;
		};
		1888DF3D29F2FA3A004ED046 /* PBXTargetDependency */ = {
			isa = PBXTargetDependency;
			target = 1888DF1729F2FA36004ED046 /* DairyApp */;
			targetProxy = 1888DF3C29F2FA3A004ED046 /* PBXContainerItemProxy */;
		};
/* End PBXTargetDependency section */

/* Begin PBXVariantGroup section */
		1888DF2929F2FA3A004ED046 /* LaunchScreen.storyboard */ = {
			isa = PBXVariantGroup;
			children = (
				1888DF2A29F2FA3A004ED046 /* Base */,
			);
			name = LaunchScreen.storyboard;
			sourceTree = "<group>";
		};
/* End PBXVariantGroup section */

/* Begin XCBuildConfiguration section */
		1888DF4329F2FA3A004ED046 /* Debug */ = {
			isa = XCBuildConfiguration;
			buildSettings = {
				ALWAYS_SEARCH_USER_PATHS = NO;
				CLANG_ANALYZER_NONNULL = YES;
				CLANG_ANALYZER_NUMBER_OBJECT_CONVERSION = YES_AGGRESSIVE;
				CLANG_CXX_LANGUAGE_STANDARD = "gnu++20";
				CLANG_ENABLE_MODULES = YES;
				CLANG_ENABLE_OBJC_ARC = YES;
				CLANG_ENABLE_OBJC_WEAK = YES;
				CLANG_WARN_BLOCK_CAPTURE_AUTORELEASING = YES;
				CLANG_WARN_BOOL_CONVERSION = YES;
				CLANG_WARN_COMMA = YES;
				CLANG_WARN_CONSTANT_CONVERSION = YES;
				CLANG_WARN_DEPRECATED_OBJC_IMPLEMENTATIONS = YES;
				CLANG_WARN_DIRECT_OBJC_ISA_USAGE = YES_ERROR;
				CLANG_WARN_DOCUMENTATION_COMMENTS = YES;
				CLANG_WARN_EMPTY_BODY = YES;
				CLANG_WARN_ENUM_CONVERSION = YES;
				CLANG_WARN_INFINITE_RECURSION = YES;
				CLANG_WARN_INT_CONVERSION = YES;
				CLANG_WARN_NON_LITERAL_NULL_CONVERSION = YES;
				CLANG_WARN_OBJC_IMPLICIT_RETAIN_SELF = YES;
				CLANG_WARN_OBJC_LITERAL_CONVERSION = YES;
				CLANG_WARN_OBJC_ROOT_CLASS = YES_ERROR;
				CLANG_WARN_QUOTED_INCLUDE_IN_FRAMEWORK_HEADER = YES;
				CLANG_WARN_RANGE_LOOP_ANALYSIS = YES;
				CLANG_WARN_STRICT_PROTOTYPES = YES;
				CLANG_WARN_SUSPICIOUS_MOVE = YES;
				CLANG_WARN_UNGUARDED_AVAILABILITY = YES_AGGRESSIVE;
				CLANG_WARN_UNREACHABLE_CODE = YES;
				CLANG_WARN__DUPLICATE_METHOD_MATCH = YES;
				COPY_PHASE_STRIP = NO;
				DEBUG_INFORMATION_FORMAT = dwarf;
				ENABLE_STRICT_OBJC_MSGSEND = YES;
				ENABLE_TESTABILITY = YES;
				GCC_C_LANGUAGE_STANDARD = gnu11;
				GCC_DYNAMIC_NO_PIC = NO;
				GCC_NO_COMMON_BLOCKS = YES;
				GCC_OPTIMIZATION_LEVEL = 0;
				GCC_PREPROCESSOR_DEFINITIONS = (
					"DEBUG=1",
					"$(inherited)",
				);
				GCC_WARN_64_TO_32_BIT_CONVERSION = YES;
				GCC_WARN_ABOUT_RETURN_TYPE = YES_ERROR;
				GCC_WARN_UNDECLARED_SELECTOR = YES;
				GCC_WARN_UNINITIALIZED_AUTOS = YES_AGGRESSIVE;
				GCC_WARN_UNUSED_FUNCTION = YES;
				GCC_WARN_UNUSED_VARIABLE = YES;
				IPHONEOS_DEPLOYMENT_TARGET = 16.2;
				MTL_ENABLE_DEBUG_INFO = INCLUDE_SOURCE;
				MTL_FAST_MATH = YES;
				ONLY_ACTIVE_ARCH = YES;
				SDKROOT = iphoneos;
				SWIFT_ACTIVE_COMPILATION_CONDITIONS = DEBUG;
				SWIFT_OPTIMIZATION_LEVEL = "-Onone";
			};
			name = Debug;
		};
		1888DF4429F2FA3A004ED046 /* Release */ = {
			isa = XCBuildConfiguration;
			buildSettings = {
				ALWAYS_SEARCH_USER_PATHS = NO;
				CLANG_ANALYZER_NONNULL = YES;
				CLANG_ANALYZER_NUMBER_OBJECT_CONVERSION = YES_AGGRESSIVE;
				CLANG_CXX_LANGUAGE_STANDARD = "gnu++20";
				CLANG_ENABLE_MODULES = YES;
				CLANG_ENABLE_OBJC_ARC = YES;
				CLANG_ENABLE_OBJC_WEAK = YES;
				CLANG_WARN_BLOCK_CAPTURE_AUTORELEASING = YES;
				CLANG_WARN_BOOL_CONVERSION = YES;
				CLANG_WARN_COMMA = YES;
				CLANG_WARN_CONSTANT_CONVERSION = YES;
				CLANG_WARN_DEPRECATED_OBJC_IMPLEMENTATIONS = YES;
				CLANG_WARN_DIRECT_OBJC_ISA_USAGE = YES_ERROR;
				CLANG_WARN_DOCUMENTATION_COMMENTS = YES;
				CLANG_WARN_EMPTY_BODY = YES;
				CLANG_WARN_ENUM_CONVERSION = YES;
				CLANG_WARN_INFINITE_RECURSION = YES;
				CLANG_WARN_INT_CONVERSION = YES;
				CLANG_WARN_NON_LITERAL_NULL_CONVERSION = YES;
				CLANG_WARN_OBJC_IMPLICIT_RETAIN_SELF = YES;
				CLANG_WARN_OBJC_LITERAL_CONVERSION = YES;
				CLANG_WARN_OBJC_ROOT_CLASS = YES_ERROR;
				CLANG_WARN_QUOTED_INCLUDE_IN_FRAMEWORK_HEADER = YES;
				CLANG_WARN_RANGE_LOOP_ANALYSIS = YES;
				CLANG_WARN_STRICT_PROTOTYPES = YES;
				CLANG_WARN_SUSPICIOUS_MOVE = YES;
				CLANG_WARN_UNGUARDED_AVAILABILITY = YES_AGGRESSIVE;
				CLANG_WARN_UNREACHABLE_CODE = YES;
				CLANG_WARN__DUPLICATE_METHOD_MATCH = YES;
				COPY_PHASE_STRIP = NO;
				DEBUG_INFORMATION_FORMAT = "dwarf-with-dsym";
				ENABLE_NS_ASSERTIONS = NO;
				ENABLE_STRICT_OBJC_MSGSEND = YES;
				GCC_C_LANGUAGE_STANDARD = gnu11;
				GCC_NO_COMMON_BLOCKS = YES;
				GCC_WARN_64_TO_32_BIT_CONVERSION = YES;
				GCC_WARN_ABOUT_RETURN_TYPE = YES_ERROR;
				GCC_WARN_UNDECLARED_SELECTOR = YES;
				GCC_WARN_UNINITIALIZED_AUTOS = YES_AGGRESSIVE;
				GCC_WARN_UNUSED_FUNCTION = YES;
				GCC_WARN_UNUSED_VARIABLE = YES;
				IPHONEOS_DEPLOYMENT_TARGET = 16.2;
				MTL_ENABLE_DEBUG_INFO = NO;
				MTL_FAST_MATH = YES;
				SDKROOT = iphoneos;
				SWIFT_COMPILATION_MODE = wholemodule;
				SWIFT_OPTIMIZATION_LEVEL = "-O";
				VALIDATE_PRODUCT = YES;
			};
			name = Release;
		};
		1888DF4629F2FA3A004ED046 /* Debug */ = {
			isa = XCBuildConfiguration;
			baseConfigurationReference = DDBEFDC77D4FA9C29206E081 /* Pods-DairyApp.debug.xcconfig */;
			buildSettings = {
				ASSETCATALOG_COMPILER_APPICON_NAME = AppIcon;
				ASSETCATALOG_COMPILER_GLOBAL_ACCENT_COLOR_NAME = AccentColor;
				CODE_SIGN_STYLE = Automatic;
				CURRENT_PROJECT_VERSION = 1;
				DEVELOPMENT_TEAM = MFZAMPHM55;
				GENERATE_INFOPLIST_FILE = YES;
				INFOPLIST_FILE = DairyApp/Info.plist;
				INFOPLIST_KEY_NSCameraUsageDescription = "Разрешить приложению доступ к камере?";
				INFOPLIST_KEY_NSFaceIDUsageDescription = "Для авторизации в приложении используется сканирование лица";
				INFOPLIST_KEY_NSPhotoLibraryUsageDescription = "Разрешить приложению доступ к галерее?";
				INFOPLIST_KEY_UIApplicationSupportsIndirectInputEvents = YES;
				INFOPLIST_KEY_UILaunchStoryboardName = LaunchScreen;
				INFOPLIST_KEY_UISupportedInterfaceOrientations = "UIInterfaceOrientationLandscapeLeft UIInterfaceOrientationLandscapeRight UIInterfaceOrientationPortrait";
				INFOPLIST_KEY_UISupportedInterfaceOrientations_iPad = "UIInterfaceOrientationLandscapeLeft UIInterfaceOrientationLandscapeRight UIInterfaceOrientationPortrait UIInterfaceOrientationPortraitUpsideDown";
				LD_RUNPATH_SEARCH_PATHS = (
					"$(inherited)",
					"@executable_path/Frameworks",
				);
				MARKETING_VERSION = 1.0;
				PRODUCT_BUNDLE_IDENTIFIER = k.DairyApp;
				PRODUCT_NAME = "$(TARGET_NAME)";
				SWIFT_EMIT_LOC_STRINGS = YES;
				SWIFT_VERSION = 5.0;
				TARGETED_DEVICE_FAMILY = "1,2";
			};
			name = Debug;
		};
		1888DF4729F2FA3A004ED046 /* Release */ = {
			isa = XCBuildConfiguration;
			baseConfigurationReference = D57D19FBDC2B9892C9EFB692 /* Pods-DairyApp.release.xcconfig */;
			buildSettings = {
				ASSETCATALOG_COMPILER_APPICON_NAME = AppIcon;
				ASSETCATALOG_COMPILER_GLOBAL_ACCENT_COLOR_NAME = AccentColor;
				CODE_SIGN_STYLE = Automatic;
				CURRENT_PROJECT_VERSION = 1;
				DEVELOPMENT_TEAM = MFZAMPHM55;
				GENERATE_INFOPLIST_FILE = YES;
				INFOPLIST_FILE = DairyApp/Info.plist;
				INFOPLIST_KEY_NSCameraUsageDescription = "Разрешить приложению доступ к камере?";
				INFOPLIST_KEY_NSFaceIDUsageDescription = "Для авторизации в приложении используется сканирование лица";
				INFOPLIST_KEY_NSPhotoLibraryUsageDescription = "Разрешить приложению доступ к галерее?";
				INFOPLIST_KEY_UIApplicationSupportsIndirectInputEvents = YES;
				INFOPLIST_KEY_UILaunchStoryboardName = LaunchScreen;
				INFOPLIST_KEY_UISupportedInterfaceOrientations = "UIInterfaceOrientationLandscapeLeft UIInterfaceOrientationLandscapeRight UIInterfaceOrientationPortrait";
				INFOPLIST_KEY_UISupportedInterfaceOrientations_iPad = "UIInterfaceOrientationLandscapeLeft UIInterfaceOrientationLandscapeRight UIInterfaceOrientationPortrait UIInterfaceOrientationPortraitUpsideDown";
				LD_RUNPATH_SEARCH_PATHS = (
					"$(inherited)",
					"@executable_path/Frameworks",
				);
				MARKETING_VERSION = 1.0;
				PRODUCT_BUNDLE_IDENTIFIER = k.DairyApp;
				PRODUCT_NAME = "$(TARGET_NAME)";
				SWIFT_EMIT_LOC_STRINGS = YES;
				SWIFT_VERSION = 5.0;
				TARGETED_DEVICE_FAMILY = "1,2";
			};
			name = Release;
		};
		1888DF4929F2FA3A004ED046 /* Debug */ = {
			isa = XCBuildConfiguration;
			baseConfigurationReference = 730200DEB2B6D67FA522F07B /* Pods-DairyAppTests.debug.xcconfig */;
			buildSettings = {
				ALWAYS_EMBED_SWIFT_STANDARD_LIBRARIES = YES;
				BUNDLE_LOADER = "$(TEST_HOST)";
				CODE_SIGN_STYLE = Automatic;
				CURRENT_PROJECT_VERSION = 1;
				DEVELOPMENT_TEAM = MFZAMPHM55;
				GENERATE_INFOPLIST_FILE = YES;
				IPHONEOS_DEPLOYMENT_TARGET = 16.2;
				MARKETING_VERSION = 1.0;
				PRODUCT_BUNDLE_IDENTIFIER = k.DairyAppTests;
				PRODUCT_NAME = "$(TARGET_NAME)";
				SWIFT_EMIT_LOC_STRINGS = NO;
				SWIFT_VERSION = 5.0;
				TARGETED_DEVICE_FAMILY = "1,2";
				TEST_HOST = "$(BUILT_PRODUCTS_DIR)/DairyApp.app/$(BUNDLE_EXECUTABLE_FOLDER_PATH)/DairyApp";
			};
			name = Debug;
		};
		1888DF4A29F2FA3A004ED046 /* Release */ = {
			isa = XCBuildConfiguration;
			baseConfigurationReference = 69F007186DAF6695F359ADA3 /* Pods-DairyAppTests.release.xcconfig */;
			buildSettings = {
				ALWAYS_EMBED_SWIFT_STANDARD_LIBRARIES = YES;
				BUNDLE_LOADER = "$(TEST_HOST)";
				CODE_SIGN_STYLE = Automatic;
				CURRENT_PROJECT_VERSION = 1;
				DEVELOPMENT_TEAM = MFZAMPHM55;
				GENERATE_INFOPLIST_FILE = YES;
				IPHONEOS_DEPLOYMENT_TARGET = 16.2;
				MARKETING_VERSION = 1.0;
				PRODUCT_BUNDLE_IDENTIFIER = k.DairyAppTests;
				PRODUCT_NAME = "$(TARGET_NAME)";
				SWIFT_EMIT_LOC_STRINGS = NO;
				SWIFT_VERSION = 5.0;
				TARGETED_DEVICE_FAMILY = "1,2";
				TEST_HOST = "$(BUILT_PRODUCTS_DIR)/DairyApp.app/$(BUNDLE_EXECUTABLE_FOLDER_PATH)/DairyApp";
			};
			name = Release;
		};
		1888DF4C29F2FA3A004ED046 /* Debug */ = {
			isa = XCBuildConfiguration;
			baseConfigurationReference = 1A5DC2C2EE16313BFC75A071 /* Pods-DairyApp-DairyAppUITests.debug.xcconfig */;
			buildSettings = {
				ALWAYS_EMBED_SWIFT_STANDARD_LIBRARIES = YES;
				CODE_SIGN_STYLE = Automatic;
				CURRENT_PROJECT_VERSION = 1;
				DEVELOPMENT_TEAM = MFZAMPHM55;
				GENERATE_INFOPLIST_FILE = YES;
				MARKETING_VERSION = 1.0;
				PRODUCT_BUNDLE_IDENTIFIER = k.DairyAppUITests;
				PRODUCT_NAME = "$(TARGET_NAME)";
				SWIFT_EMIT_LOC_STRINGS = NO;
				SWIFT_VERSION = 5.0;
				TARGETED_DEVICE_FAMILY = "1,2";
				TEST_TARGET_NAME = DairyApp;
			};
			name = Debug;
		};
		1888DF4D29F2FA3A004ED046 /* Release */ = {
			isa = XCBuildConfiguration;
			baseConfigurationReference = 43C9B820C17FAEC3CAC850F3 /* Pods-DairyApp-DairyAppUITests.release.xcconfig */;
			buildSettings = {
				ALWAYS_EMBED_SWIFT_STANDARD_LIBRARIES = YES;
				CODE_SIGN_STYLE = Automatic;
				CURRENT_PROJECT_VERSION = 1;
				DEVELOPMENT_TEAM = MFZAMPHM55;
				GENERATE_INFOPLIST_FILE = YES;
				MARKETING_VERSION = 1.0;
				PRODUCT_BUNDLE_IDENTIFIER = k.DairyAppUITests;
				PRODUCT_NAME = "$(TARGET_NAME)";
				SWIFT_EMIT_LOC_STRINGS = NO;
				SWIFT_VERSION = 5.0;
				TARGETED_DEVICE_FAMILY = "1,2";
				TEST_TARGET_NAME = DairyApp;
			};
			name = Release;
		};
/* End XCBuildConfiguration section */

/* Begin XCConfigurationList section */
		1888DF1329F2FA36004ED046 /* Build configuration list for PBXProject "DairyApp" */ = {
			isa = XCConfigurationList;
			buildConfigurations = (
				1888DF4329F2FA3A004ED046 /* Debug */,
				1888DF4429F2FA3A004ED046 /* Release */,
			);
			defaultConfigurationIsVisible = 0;
			defaultConfigurationName = Release;
		};
		1888DF4529F2FA3A004ED046 /* Build configuration list for PBXNativeTarget "DairyApp" */ = {
			isa = XCConfigurationList;
			buildConfigurations = (
				1888DF4629F2FA3A004ED046 /* Debug */,
				1888DF4729F2FA3A004ED046 /* Release */,
			);
			defaultConfigurationIsVisible = 0;
			defaultConfigurationName = Release;
		};
		1888DF4829F2FA3A004ED046 /* Build configuration list for PBXNativeTarget "DairyAppTests" */ = {
			isa = XCConfigurationList;
			buildConfigurations = (
				1888DF4929F2FA3A004ED046 /* Debug */,
				1888DF4A29F2FA3A004ED046 /* Release */,
			);
			defaultConfigurationIsVisible = 0;
			defaultConfigurationName = Release;
		};
		1888DF4B29F2FA3A004ED046 /* Build configuration list for PBXNativeTarget "DairyAppUITests" */ = {
			isa = XCConfigurationList;
			buildConfigurations = (
				1888DF4C29F2FA3A004ED046 /* Debug */,
				1888DF4D29F2FA3A004ED046 /* Release */,
			);
			defaultConfigurationIsVisible = 0;
			defaultConfigurationName = Release;
		};
/* End XCConfigurationList section */

/* Begin XCVersionGroup section */
		1888DF2429F2FA36004ED046 /* DairyApp.xcdatamodeld */ = {
			isa = XCVersionGroup;
			children = (
				1888DF2529F2FA36004ED046 /* DairyApp.xcdatamodel */,
			);
			currentVersion = 1888DF2529F2FA36004ED046 /* DairyApp.xcdatamodel */;
			path = DairyApp.xcdatamodeld;
			sourceTree = "<group>";
			versionGroupType = wrapper.xcdatamodel;
		};
/* End XCVersionGroup section */
	};
	rootObject = 1888DF1029F2FA36004ED046 /* Project object */;
}
